// !$*UTF8*$!
{
	archiveVersion = 1;
	classes = {
	};
	objectVersion = 46;
	objects = {

/* Begin PBXBuildFile section */
		5D1910A1F4441F66FC104B72 /* Pods_ix_locator_class.framework in Frameworks */ = {isa = PBXBuildFile; fileRef = 43DCE931D1DF2F436136E4D1 /* Pods_ix_locator_class.framework */; };
		CA0B27091F0BD126006F0CF7 /* AppDelegate.swift in Sources */ = {isa = PBXBuildFile; fileRef = CA0B27081F0BD126006F0CF7 /* AppDelegate.swift */; };
		CA0B270B1F0BD126006F0CF7 /* MapViewController.swift in Sources */ = {isa = PBXBuildFile; fileRef = CA0B270A1F0BD126006F0CF7 /* MapViewController.swift */; };
		CA0B270E1F0BD126006F0CF7 /* Main.storyboard in Resources */ = {isa = PBXBuildFile; fileRef = CA0B270C1F0BD126006F0CF7 /* Main.storyboard */; };
		CA0B27101F0BD126006F0CF7 /* Assets.xcassets in Resources */ = {isa = PBXBuildFile; fileRef = CA0B270F1F0BD126006F0CF7 /* Assets.xcassets */; };
		CA0B27131F0BD126006F0CF7 /* LaunchScreen.storyboard in Resources */ = {isa = PBXBuildFile; fileRef = CA0B27111F0BD126006F0CF7 /* LaunchScreen.storyboard */; };
		CA0B271B1F0BD467006F0CF7 /* ActivityTableViewController.swift in Sources */ = {isa = PBXBuildFile; fileRef = CA0B271A1F0BD467006F0CF7 /* ActivityTableViewController.swift */; };
		CA0B271D1F0BD59D006F0CF7 /* Activity.swift in Sources */ = {isa = PBXBuildFile; fileRef = CA0B271C1F0BD59D006F0CF7 /* Activity.swift */; };
		CA0B271F1F0BDEFF006F0CF7 /* AddActivityViewController.swift in Sources */ = {isa = PBXBuildFile; fileRef = CA0B271E1F0BDEFF006F0CF7 /* AddActivityViewController.swift */; };
		CA0B27211F0CFC82006F0CF7 /* AddActivityDelegate.swift in Sources */ = {isa = PBXBuildFile; fileRef = CA0B27201F0CFC82006F0CF7 /* AddActivityDelegate.swift */; };
		CA0B27231F0D012E006F0CF7 /* SettingsTableViewController.swift in Sources */ = {isa = PBXBuildFile; fileRef = CA0B27221F0D012E006F0CF7 /* SettingsTableViewController.swift */; };
/* End PBXBuildFile section */

/* Begin PBXFileReference section */
		43DCE931D1DF2F436136E4D1 /* Pods_ix_locator_class.framework */ = {isa = PBXFileReference; explicitFileType = wrapper.framework; includeInIndex = 0; path = Pods_ix_locator_class.framework; sourceTree = BUILT_PRODUCTS_DIR; };
		66009886B547643BE44B3500 /* Pods-ix-locator-class.debug.xcconfig */ = {isa = PBXFileReference; includeInIndex = 1; lastKnownFileType = text.xcconfig; name = "Pods-ix-locator-class.debug.xcconfig"; path = "Pods/Target Support Files/Pods-ix-locator-class/Pods-ix-locator-class.debug.xcconfig"; sourceTree = "<group>"; };
		CA0B27051F0BD126006F0CF7 /* ix-locator-class.app */ = {isa = PBXFileReference; explicitFileType = wrapper.application; includeInIndex = 0; path = "ix-locator-class.app"; sourceTree = BUILT_PRODUCTS_DIR; };
		CA0B27081F0BD126006F0CF7 /* AppDelegate.swift */ = {isa = PBXFileReference; lastKnownFileType = sourcecode.swift; path = AppDelegate.swift; sourceTree = "<group>"; };
		CA0B270A1F0BD126006F0CF7 /* MapViewController.swift */ = {isa = PBXFileReference; lastKnownFileType = sourcecode.swift; path = MapViewController.swift; sourceTree = "<group>"; };
		CA0B270D1F0BD126006F0CF7 /* Base */ = {isa = PBXFileReference; lastKnownFileType = file.storyboard; name = Base; path = Base.lproj/Main.storyboard; sourceTree = "<group>"; };
		CA0B270F1F0BD126006F0CF7 /* Assets.xcassets */ = {isa = PBXFileReference; lastKnownFileType = folder.assetcatalog; path = Assets.xcassets; sourceTree = "<group>"; };
		CA0B27121F0BD126006F0CF7 /* Base */ = {isa = PBXFileReference; lastKnownFileType = file.storyboard; name = Base; path = Base.lproj/LaunchScreen.storyboard; sourceTree = "<group>"; };
		CA0B27141F0BD126006F0CF7 /* Info.plist */ = {isa = PBXFileReference; lastKnownFileType = text.plist.xml; path = Info.plist; sourceTree = "<group>"; };
		CA0B271A1F0BD467006F0CF7 /* ActivityTableViewController.swift */ = {isa = PBXFileReference; fileEncoding = 4; lastKnownFileType = sourcecode.swift; path = ActivityTableViewController.swift; sourceTree = "<group>"; };
		CA0B271C1F0BD59D006F0CF7 /* Activity.swift */ = {isa = PBXFileReference; fileEncoding = 4; lastKnownFileType = sourcecode.swift; path = Activity.swift; sourceTree = "<group>"; };
		CA0B271E1F0BDEFF006F0CF7 /* AddActivityViewController.swift */ = {isa = PBXFileReference; fileEncoding = 4; lastKnownFileType = sourcecode.swift; path = AddActivityViewController.swift; sourceTree = "<group>"; };
		CA0B27201F0CFC82006F0CF7 /* AddActivityDelegate.swift */ = {isa = PBXFileReference; fileEncoding = 4; lastKnownFileType = sourcecode.swift; path = AddActivityDelegate.swift; sourceTree = "<group>"; };
		CA0B27221F0D012E006F0CF7 /* SettingsTableViewController.swift */ = {isa = PBXFileReference; fileEncoding = 4; lastKnownFileType = sourcecode.swift; path = SettingsTableViewController.swift; sourceTree = "<group>"; };
		F1E7F32958D6D8DD5C8D1E38 /* Pods-ix-locator-class.release.xcconfig */ = {isa = PBXFileReference; includeInIndex = 1; lastKnownFileType = text.xcconfig; name = "Pods-ix-locator-class.release.xcconfig"; path = "Pods/Target Support Files/Pods-ix-locator-class/Pods-ix-locator-class.release.xcconfig"; sourceTree = "<group>"; };
/* End PBXFileReference section */

/* Begin PBXFrameworksBuildPhase section */
		CA0B27021F0BD126006F0CF7 /* Frameworks */ = {
			isa = PBXFrameworksBuildPhase;
			buildActionMask = 2147483647;
			files = (
				5D1910A1F4441F66FC104B72 /* Pods_ix_locator_class.framework in Frameworks */,
			);
			runOnlyForDeploymentPostprocessing = 0;
		};
/* End PBXFrameworksBuildPhase section */

/* Begin PBXGroup section */
		506E2A6A8FCD3DCCA964608A /* Pods */ = {
			isa = PBXGroup;
			children = (
				66009886B547643BE44B3500 /* Pods-ix-locator-class.debug.xcconfig */,
				F1E7F32958D6D8DD5C8D1E38 /* Pods-ix-locator-class.release.xcconfig */,
			);
			name = Pods;
			sourceTree = "<group>";
		};
		74B43C66AFC4D9C848C722F1 /* Frameworks */ = {
			isa = PBXGroup;
			children = (
				43DCE931D1DF2F436136E4D1 /* Pods_ix_locator_class.framework */,
			);
			name = Frameworks;
			sourceTree = "<group>";
		};
		CA0B26FC1F0BD126006F0CF7 = {
			isa = PBXGroup;
			children = (
				CA0B27071F0BD126006F0CF7 /* ix-locator-class */,
				CA0B27061F0BD126006F0CF7 /* Products */,
				506E2A6A8FCD3DCCA964608A /* Pods */,
				74B43C66AFC4D9C848C722F1 /* Frameworks */,
			);
			sourceTree = "<group>";
		};
		CA0B27061F0BD126006F0CF7 /* Products */ = {
			isa = PBXGroup;
			children = (
				CA0B27051F0BD126006F0CF7 /* ix-locator-class.app */,
			);
			name = Products;
			sourceTree = "<group>";
		};
		CA0B27071F0BD126006F0CF7 /* ix-locator-class */ = {
			isa = PBXGroup;
			children = (
				CA0B27081F0BD126006F0CF7 /* AppDelegate.swift */,
				CA0B270A1F0BD126006F0CF7 /* MapViewController.swift */,
				CA0B270C1F0BD126006F0CF7 /* Main.storyboard */,
				CA0B27221F0D012E006F0CF7 /* SettingsTableViewController.swift */,
				CA0B271E1F0BDEFF006F0CF7 /* AddActivityViewController.swift */,
				CA0B27201F0CFC82006F0CF7 /* AddActivityDelegate.swift */,
				CA0B271C1F0BD59D006F0CF7 /* Activity.swift */,
				CA0B271A1F0BD467006F0CF7 /* ActivityTableViewController.swift */,
				CA0B270F1F0BD126006F0CF7 /* Assets.xcassets */,
				CA0B27111F0BD126006F0CF7 /* LaunchScreen.storyboard */,
				CA0B27141F0BD126006F0CF7 /* Info.plist */,
			);
			path = "ix-locator-class";
			sourceTree = "<group>";
		};
/* End PBXGroup section */

/* Begin PBXNativeTarget section */
		CA0B27041F0BD126006F0CF7 /* ix-locator-class */ = {
			isa = PBXNativeTarget;
			buildConfigurationList = CA0B27171F0BD126006F0CF7 /* Build configuration list for PBXNativeTarget "ix-locator-class" */;
			buildPhases = (
				A7D43F6C83205E6ADD12E41F /* [CP] Check Pods Manifest.lock */,
				CA0B27011F0BD126006F0CF7 /* Sources */,
				CA0B27021F0BD126006F0CF7 /* Frameworks */,
				CA0B27031F0BD126006F0CF7 /* Resources */,
				EC6FC1E61C6A891AB933A14C /* [CP] Embed Pods Frameworks */,
				23F5A40CB46E6F862DF908AB /* [CP] Copy Pods Resources */,
			);
			buildRules = (
			);
			dependencies = (
			);
			name = "ix-locator-class";
			productName = "ix-locator-class";
			productReference = CA0B27051F0BD126006F0CF7 /* ix-locator-class.app */;
			productType = "com.apple.product-type.application";
		};
/* End PBXNativeTarget section */

/* Begin PBXProject section */
		CA0B26FD1F0BD126006F0CF7 /* Project object */ = {
			isa = PBXProject;
			attributes = {
				LastSwiftUpdateCheck = 0830;
				LastUpgradeCheck = 0830;
				ORGANIZATIONNAME = "Brandon Taleisnik";
				TargetAttributes = {
					CA0B27041F0BD126006F0CF7 = {
						CreatedOnToolsVersion = 8.3.2;
						ProvisioningStyle = Automatic;
					};
				};
			};
			buildConfigurationList = CA0B27001F0BD126006F0CF7 /* Build configuration list for PBXProject "ix-locator-class" */;
			compatibilityVersion = "Xcode 3.2";
			developmentRegion = English;
			hasScannedForEncodings = 0;
			knownRegions = (
				en,
				Base,
			);
			mainGroup = CA0B26FC1F0BD126006F0CF7;
			productRefGroup = CA0B27061F0BD126006F0CF7 /* Products */;
			projectDirPath = "";
			projectRoot = "";
			targets = (
				CA0B27041F0BD126006F0CF7 /* ix-locator-class */,
			);
		};
/* End PBXProject section */

/* Begin PBXResourcesBuildPhase section */
		CA0B27031F0BD126006F0CF7 /* Resources */ = {
			isa = PBXResourcesBuildPhase;
			buildActionMask = 2147483647;
			files = (
				CA0B27131F0BD126006F0CF7 /* LaunchScreen.storyboard in Resources */,
				CA0B27101F0BD126006F0CF7 /* Assets.xcassets in Resources */,
				CA0B270E1F0BD126006F0CF7 /* Main.storyboard in Resources */,
			);
			runOnlyForDeploymentPostprocessing = 0;
		};
/* End PBXResourcesBuildPhase section */

/* Begin PBXShellScriptBuildPhase section */
		23F5A40CB46E6F862DF908AB /* [CP] Copy Pods Resources */ = {
			isa = PBXShellScriptBuildPhase;
			buildActionMask = 2147483647;
			files = (
			);
			inputPaths = (
			);
			name = "[CP] Copy Pods Resources";
			outputPaths = (
			);
			runOnlyForDeploymentPostprocessing = 0;
			shellPath = /bin/sh;
			shellScript = "\"${SRCROOT}/Pods/Target Support Files/Pods-ix-locator-class/Pods-ix-locator-class-resources.sh\"\n";
			showEnvVarsInLog = 0;
		};
		A7D43F6C83205E6ADD12E41F /* [CP] Check Pods Manifest.lock */ = {
			isa = PBXShellScriptBuildPhase;
			buildActionMask = 2147483647;
			files = (
			);
			inputPaths = (
			);
			name = "[CP] Check Pods Manifest.lock";
			outputPaths = (
			);
			runOnlyForDeploymentPostprocessing = 0;
			shellPath = /bin/sh;
			shellScript = "diff \"${PODS_PODFILE_DIR_PATH}/Podfile.lock\" \"${PODS_ROOT}/Manifest.lock\" > /dev/null\nif [ $? != 0 ] ; then\n    # print error to STDERR\n    echo \"error: The sandbox is not in sync with the Podfile.lock. Run 'pod install' or update your CocoaPods installation.\" >&2\n    exit 1\nfi\n";
			showEnvVarsInLog = 0;
		};
		EC6FC1E61C6A891AB933A14C /* [CP] Embed Pods Frameworks */ = {
			isa = PBXShellScriptBuildPhase;
			buildActionMask = 2147483647;
			files = (
			);
			inputPaths = (
			);
			name = "[CP] Embed Pods Frameworks";
			outputPaths = (
			);
			runOnlyForDeploymentPostprocessing = 0;
			shellPath = /bin/sh;
			shellScript = "\"${SRCROOT}/Pods/Target Support Files/Pods-ix-locator-class/Pods-ix-locator-class-frameworks.sh\"\n";
			showEnvVarsInLog = 0;
		};
/* End PBXShellScriptBuildPhase section */

/* Begin PBXSourcesBuildPhase section */
		CA0B27011F0BD126006F0CF7 /* Sources */ = {
			isa = PBXSourcesBuildPhase;
			buildActionMask = 2147483647;
			files = (
				CA0B270B1F0BD126006F0CF7 /* MapViewController.swift in Sources */,
				CA0B27211F0CFC82006F0CF7 /* AddActivityDelegate.swift in Sources */,
				CA0B27091F0BD126006F0CF7 /* AppDelegate.swift in Sources */,
				CA0B271D1F0BD59D006F0CF7 /* Activity.swift in Sources */,
				CA0B271F1F0BDEFF006F0CF7 /* AddActivityViewController.swift in Sources */,
				CA0B271B1F0BD467006F0CF7 /* ActivityTableViewController.swift in Sources */,
				CA0B27231F0D012E006F0CF7 /* SettingsTableViewController.swift in Sources */,
			);
			runOnlyForDeploymentPostprocessing = 0;
		};
/* End PBXSourcesBuildPhase section */

/* Begin PBXVariantGroup section */
		CA0B270C1F0BD126006F0CF7 /* Main.storyboard */ = {
			isa = PBXVariantGroup;
			children = (
				CA0B270D1F0BD126006F0CF7 /* Base */,
			);
			name = Main.storyboard;
			sourceTree = "<group>";
		};
		CA0B27111F0BD126006F0CF7 /* LaunchScreen.storyboard */ = {
			isa = PBXVariantGroup;
			children = (
				CA0B27121F0BD126006F0CF7 /* Base */,
			);
			name = LaunchScreen.storyboard;
			sourceTree = "<group>";
		};
/* End PBXVariantGroup section */

/* Begin XCBuildConfiguration section */
		CA0B27151F0BD126006F0CF7 /* Debug */ = {
			isa = XCBuildConfiguration;
			buildSettings = {
				ALWAYS_SEARCH_USER_PATHS = NO;
				CLANG_ANALYZER_NONNULL = YES;
				CLANG_ANALYZER_NUMBER_OBJECT_CONVERSION = YES_AGGRESSIVE;
				CLANG_CXX_LANGUAGE_STANDARD = "gnu++0x";
				CLANG_CXX_LIBRARY = "libc++";
				CLANG_ENABLE_MODULES = YES;
				CLANG_ENABLE_OBJC_ARC = YES;
				CLANG_WARN_BOOL_CONVERSION = YES;
				CLANG_WARN_CONSTANT_CONVERSION = YES;
				CLANG_WARN_DIRECT_OBJC_ISA_USAGE = YES_ERROR;
				CLANG_WARN_DOCUMENTATION_COMMENTS = YES;
				CLANG_WARN_EMPTY_BODY = YES;
				CLANG_WARN_ENUM_CONVERSION = YES;
				CLANG_WARN_INFINITE_RECURSION = YES;
				CLANG_WARN_INT_CONVERSION = YES;
				CLANG_WARN_OBJC_ROOT_CLASS = YES_ERROR;
				CLANG_WARN_SUSPICIOUS_MOVE = YES;
				CLANG_WARN_UNREACHABLE_CODE = YES;
				CLANG_WARN__DUPLICATE_METHOD_MATCH = YES;
				"CODE_SIGN_IDENTITY[sdk=iphoneos*]" = "iPhone Developer";
				COPY_PHASE_STRIP = NO;
				DEBUG_INFORMATION_FORMAT = dwarf;
				ENABLE_STRICT_OBJC_MSGSEND = YES;
				ENABLE_TESTABILITY = YES;
				GCC_C_LANGUAGE_STANDARD = gnu99;
				GCC_DYNAMIC_NO_PIC = NO;
				GCC_NO_COMMON_BLOCKS = YES;
				GCC_OPTIMIZATION_LEVEL = 0;
				GCC_PREPROCESSOR_DEFINITIONS = (
					"DEBUG=1",
					"$(inherited)",
				);
				GCC_WARN_64_TO_32_BIT_CONVERSION = YES;
				GCC_WARN_ABOUT_RETURN_TYPE = YES_ERROR;
				GCC_WARN_UNDECLARED_SELECTOR = YES;
				GCC_WARN_UNINITIALIZED_AUTOS = YES_AGGRESSIVE;
				GCC_WARN_UNUSED_FUNCTION = YES;
				GCC_WARN_UNUSED_VARIABLE = YES;
				IPHONEOS_DEPLOYMENT_TARGET = 10.3;
				MTL_ENABLE_DEBUG_INFO = YES;
				ONLY_ACTIVE_ARCH = YES;
				SDKROOT = iphoneos;
				SWIFT_ACTIVE_COMPILATION_CONDITIONS = DEBUG;
				SWIFT_OPTIMIZATION_LEVEL = "-Onone";
				TARGETED_DEVICE_FAMILY = "1,2";
			};
			name = Debug;
		};
		CA0B27161F0BD126006F0CF7 /* Release */ = {
			isa = XCBuildConfiguration;
			buildSettings = {
				ALWAYS_SEARCH_USER_PATHS = NO;
				CLANG_ANALYZER_NONNULL = YES;
				CLANG_ANALYZER_NUMBER_OBJECT_CONVERSION = YES_AGGRESSIVE;
				CLANG_CXX_LANGUAGE_STANDARD = "gnu++0x";
				CLANG_CXX_LIBRARY = "libc++";
				CLANG_ENABLE_MODULES = YES;
				CLANG_ENABLE_OBJC_ARC = YES;
				CLANG_WARN_BOOL_CONVERSION = YES;
				CLANG_WARN_CONSTANT_CONVERSION = YES;
				CLANG_WARN_DIRECT_OBJC_ISA_USAGE = YES_ERROR;
				CLANG_WARN_DOCUMENTATION_COMMENTS = YES;
				CLANG_WARN_EMPTY_BODY = YES;
				CLANG_WARN_ENUM_CONVERSION = YES;
				CLANG_WARN_INFINITE_RECURSION = YES;
				CLANG_WARN_INT_CONVERSION = YES;
				CLANG_WARN_OBJC_ROOT_CLASS = YES_ERROR;
				CLANG_WARN_SUSPICIOUS_MOVE = YES;
				CLANG_WARN_UNREACHABLE_CODE = YES;
				CLANG_WARN__DUPLICATE_METHOD_MATCH = YES;
				"CODE_SIGN_IDENTITY[sdk=iphoneos*]" = "iPhone Developer";
				COPY_PHASE_STRIP = NO;
				DEBUG_INFORMATION_FORMAT = "dwarf-with-dsym";
				ENABLE_NS_ASSERTIONS = NO;
				ENABLE_STRICT_OBJC_MSGSEND = YES;
				GCC_C_LANGUAGE_STANDARD = gnu99;
				GCC_NO_COMMON_BLOCKS = YES;
				GCC_WARN_64_TO_32_BIT_CONVERSION = YES;
				GCC_WARN_ABOUT_RETURN_TYPE = YES_ERROR;
				GCC_WARN_UNDECLARED_SELECTOR = YES;
				GCC_WARN_UNINITIALIZED_AUTOS = YES_AGGRESSIVE;
				GCC_WARN_UNUSED_FUNCTION = YES;
				GCC_WARN_UNUSED_VARIABLE = YES;
				IPHONEOS_DEPLOYMENT_TARGET = 10.3;
				MTL_ENABLE_DEBUG_INFO = NO;
				SDKROOT = iphoneos;
				SWIFT_OPTIMIZATION_LEVEL = "-Owholemodule";
				TARGETED_DEVICE_FAMILY = "1,2";
				VALIDATE_PRODUCT = YES;
			};
			name = Release;
		};
		CA0B27181F0BD126006F0CF7 /* Debug */ = {
			isa = XCBuildConfiguration;
			baseConfigurationReference = 66009886B547643BE44B3500 /* Pods-ix-locator-class.debug.xcconfig */;
			buildSettings = {
				ASSETCATALOG_COMPILER_APPICON_NAME = AppIcon;
				INFOPLIST_FILE = "ix-locator-class/Info.plist";
				LD_RUNPATH_SEARCH_PATHS = "$(inherited) @executable_path/Frameworks";
				PRODUCT_BUNDLE_IDENTIFIER = "Brandon-Taleisnik.ix-locator-class";
				PRODUCT_NAME = "$(TARGET_NAME)";
				SWIFT_VERSION = 3.0;
			};
			name = Debug;
		};
		CA0B27191F0BD126006F0CF7 /* Release */ = {
			isa = XCBuildConfiguration;
			baseConfigurationReference = F1E7F32958D6D8DD5C8D1E38 /* Pods-ix-locator-class.release.xcconfig */;
			buildSettings = {
				ASSETCATALOG_COMPILER_APPICON_NAME = AppIcon;
				INFOPLIST_FILE = "ix-locator-class/Info.plist";
				LD_RUNPATH_SEARCH_PATHS = "$(inherited) @executable_path/Frameworks";
				PRODUCT_BUNDLE_IDENTIFIER = "Brandon-Taleisnik.ix-locator-class";
				PRODUCT_NAME = "$(TARGET_NAME)";
				SWIFT_VERSION = 3.0;
			};
			name = Release;
		};
/* End XCBuildConfiguration section */

/* Begin XCConfigurationList section */
		CA0B27001F0BD126006F0CF7 /* Build configuration list for PBXProject "ix-locator-class" */ = {
			isa = XCConfigurationList;
			buildConfigurations = (
				CA0B27151F0BD126006F0CF7 /* Debug */,
				CA0B27161F0BD126006F0CF7 /* Release */,
			);
			defaultConfigurationIsVisible = 0;
			defaultConfigurationName = Release;
		};
		CA0B27171F0BD126006F0CF7 /* Build configuration list for PBXNativeTarget "ix-locator-class" */ = {
			isa = XCConfigurationList;
			buildConfigurations = (
				CA0B27181F0BD126006F0CF7 /* Debug */,
				CA0B27191F0BD126006F0CF7 /* Release */,
			);
			defaultConfigurationIsVisible = 0;
		};
/* End XCConfigurationList section */
	};
	rootObject = CA0B26FD1F0BD126006F0CF7 /* Project object */;
}
